
Microsoft Visual Studio Solution File, Format Version 12.00
# Visual Studio Version 16
VisualStudioVersion = 16.0.29519.87
MinimumVisualStudioVersion = 10.0.40219.1
Project("{9A19103F-16F7-4668-BE54-9A1E7A4F7556}") = "KampIntro", "KampIntro\KampIntro.csproj", "{63179B6E-B266-4DB1-B286-5FC114A6B3AB}"
EndProject
Project("{9A19103F-16F7-4668-BE54-9A1E7A4F7556}") = "Donguler", "Donguler\Donguler.csproj", "{712B6D0B-0604-487F-A20C-FFC8455F91B7}"
EndProject
Project("{9A19103F-16F7-4668-BE54-9A1E7A4F7556}") = "ClassIntro", "ClassIntro\ClassIntro.csproj", "{B29A7324-8529-47B4-BEAA-49E0FB89D05F}"
EndProject
Project("{9A19103F-16F7-4668-BE54-9A1E7A4F7556}") = "Methodlar", "Methodlar\Methodlar.csproj", "{9B9850FA-9EB3-4991-A607-3C06389D0D4A}"
EndProject
Project("{9A19103F-16F7-4668-BE54-9A1E7A4F7556}") = "Matematik", "Matematik\Matematik.csproj", "{0BA0DD3E-975B-4EF5-B54D-EB7DB33976E2}"
EndProject
Project("{9A19103F-16F7-4668-BE54-9A1E7A4F7556}") = "DegerVeReferansTipler", "DegerVeReferansTipler\DegerVeReferansTipler.csproj", "{C0722D45-5217-41F7-A658-91E6E00AB9B9}"
EndProject
Project("{9A19103F-16F7-4668-BE54-9A1E7A4F7556}") = "OOP1", "OOP1\OOP1.csproj", "{897D39A2-B6A2-4AEA-B2B2-B60E580891BD}"
EndProject
Project("{9A19103F-16F7-4668-BE54-9A1E7A4F7556}") = "Koleksiyonlar", "Koleksiyonlar\Koleksiyonlar.csproj", "{7BBBC4DE-8FA9-4272-964A-0563EDEA7BE1}"
EndProject
Project("{9A19103F-16F7-4668-BE54-9A1E7A4F7556}") = "GenericsIntro", "GenericsIntro\GenericsIntro.csproj", "{3B9C5F10-BA00-4C4E-8F66-82EB213A2635}"
EndProject
Project("{FAE04EC0-301F-11D3-BF4B-00C04F79EFBC}") = "OOP2", "OOP2\OOP2.csproj", "{9863E0B1-867D-4693-9032-04D9560E780B}"
EndProject
Project("{FAE04EC0-301F-11D3-BF4B-00C04F79EFBC}") = "OOP3", "OOP3\OOP3.csproj", "{535F6340-700A-416F-AC20-EC882730A778}"
EndProject
Global
	GlobalSection(SolutionConfigurationPlatforms) = preSolution
		Debug|Any CPU = Debug|Any CPU
		Release|Any CPU = Release|Any CPU
	EndGlobalSection
	GlobalSection(ProjectConfigurationPlatforms) = postSolution
		{63179B6E-B266-4DB1-B286-5FC114A6B3AB}.Debug|Any CPU.ActiveCfg = Debug|Any CPU
		{63179B6E-B266-4DB1-B286-5FC114A6B3AB}.Debug|Any CPU.Build.0 = Debug|Any CPU
		{63179B6E-B266-4DB1-B286-5FC114A6B3AB}.Release|Any CPU.ActiveCfg = Release|Any CPU
		{63179B6E-B266-4DB1-B286-5FC114A6B3AB}.Release|Any CPU.Build.0 = Release|Any CPU
		{712B6D0B-0604-487F-A20C-FFC8455F91B7}.Debug|Any CPU.ActiveCfg = Debug|Any CPU
		{712B6D0B-0604-487F-A20C-FFC8455F91B7}.Debug|Any CPU.Build.0 = Debug|Any CPU
		{712B6D0B-0604-487F-A20C-FFC8455F91B7}.Release|Any CPU.ActiveCfg = Release|Any CPU
		{712B6D0B-0604-487F-A20C-FFC8455F91B7}.Release|Any CPU.Build.0 = Release|Any CPU
		{B29A7324-8529-47B4-BEAA-49E0FB89D05F}.Debug|Any CPU.ActiveCfg = Debug|Any CPU
		{B29A7324-8529-47B4-BEAA-49E0FB89D05F}.Debug|Any CPU.Build.0 = Debug|Any CPU
		{B29A7324-8529-47B4-BEAA-49E0FB89D05F}.Release|Any CPU.ActiveCfg = Release|Any CPU
		{B29A7324-8529-47B4-BEAA-49E0FB89D05F}.Release|Any CPU.Build.0 = Release|Any CPU
		{9B9850FA-9EB3-4991-A607-3C06389D0D4A}.Debug|Any CPU.ActiveCfg = Debug|Any CPU
		{9B9850FA-9EB3-4991-A607-3C06389D0D4A}.Debug|Any CPU.Build.0 = Debug|Any CPU
		{9B9850FA-9EB3-4991-A607-3C06389D0D4A}.Release|Any CPU.ActiveCfg = Release|Any CPU
		{9B9850FA-9EB3-4991-A607-3C06389D0D4A}.Release|Any CPU.Build.0 = Release|Any CPU
		{0BA0DD3E-975B-4EF5-B54D-EB7DB33976E2}.Debug|Any CPU.ActiveCfg = Debug|Any CPU
		{0BA0DD3E-975B-4EF5-B54D-EB7DB33976E2}.Debug|Any CPU.Build.0 = Debug|Any CPU
		{0BA0DD3E-975B-4EF5-B54D-EB7DB33976E2}.Release|Any CPU.ActiveCfg = Release|Any CPU
		{0BA0DD3E-975B-4EF5-B54D-EB7DB33976E2}.Release|Any CPU.Build.0 = Release|Any CPU
		{C0722D45-5217-41F7-A658-91E6E00AB9B9}.Debug|Any CPU.ActiveCfg = Debug|Any CPU
		{C0722D45-5217-41F7-A658-91E6E00AB9B9}.Debug|Any CPU.Build.0 = Debug|Any CPU
		{C0722D45-5217-41F7-A658-91E6E00AB9B9}.Release|Any CPU.ActiveCfg = Release|Any CPU
		{C0722D45-5217-41F7-A658-91E6E00AB9B9}.Release|Any CPU.Build.0 = Release|Any CPU
		{897D39A2-B6A2-4AEA-B2B2-B60E580891BD}.Debug|Any CPU.ActiveCfg = Debug|Any CPU
		{897D39A2-B6A2-4AEA-B2B2-B60E580891BD}.Debug|Any CPU.Build.0 = Debug|Any CPU
		{897D39A2-B6A2-4AEA-B2B2-B60E580891BD}.Release|Any CPU.ActiveCfg = Release|Any CPU
		{897D39A2-B6A2-4AEA-B2B2-B60E580891BD}.Release|Any CPU.Build.0 = Release|Any CPU
		{7BBBC4DE-8FA9-4272-964A-0563EDEA7BE1}.Debug|Any CPU.ActiveCfg = Debug|Any CPU
		{7BBBC4DE-8FA9-4272-964A-0563EDEA7BE1}.Debug|Any CPU.Build.0 = Debug|Any CPU
		{7BBBC4DE-8FA9-4272-964A-0563EDEA7BE1}.Release|Any CPU.ActiveCfg = Release|Any CPU
		{7BBBC4DE-8FA9-4272-964A-0563EDEA7BE1}.Release|Any CPU.Build.0 = Release|Any CPU
		{3B9C5F10-BA00-4C4E-8F66-82EB213A2635}.Debug|Any CPU.ActiveCfg = Debug|Any CPU
		{3B9C5F10-BA00-4C4E-8F66-82EB213A2635}.Debug|Any CPU.Build.0 = Debug|Any CPU
		{3B9C5F10-BA00-4C4E-8F66-82EB213A2635}.Release|Any CPU.ActiveCfg = Release|Any CPU
		{3B9C5F10-BA00-4C4E-8F66-82EB213A2635}.Release|Any CPU.Build.0 = Release|Any CPU
		{9863E0B1-867D-4693-9032-04D9560E780B}.Debug|Any CPU.ActiveCfg = Debug|Any CPU
		{9863E0B1-867D-4693-9032-04D9560E780B}.Debug|Any CPU.Build.0 = Debug|Any CPU
		{9863E0B1-867D-4693-9032-04D9560E780B}.Release|Any CPU.ActiveCfg = Release|Any CPU
		{9863E0B1-867D-4693-9032-04D9560E780B}.Release|Any CPU.Build.0 = Release|Any CPU
		{535F6340-700A-416F-AC20-EC882730A778}.Debug|Any CPU.ActiveCfg = Debug|Any CPU
		{535F6340-700A-416F-AC20-EC882730A778}.Debug|Any CPU.Build.0 = Debug|Any CPU
		{535F6340-700A-416F-AC20-EC882730A778}.Release|Any CPU.ActiveCfg = Release|Any CPU
		{535F6340-700A-416F-AC20-EC882730A778}.Release|Any CPU.Build.0 = Release|Any CPU
	EndGlobalSection
	GlobalSection(SolutionProperties) = preSolution
		HideSolutionNode = FALSE
	EndGlobalSection
	GlobalSection(ExtensibilityGlobals) = postSolution
		SolutionGuid = {96142D71-DC80-4493-8657-B75DB3CBCFDA}
	EndGlobalSection
EndGlobal
