
Microsoft Visual Studio Solution File, Format Version 12.00
# Visual Studio Version 16
VisualStudioVersion = 16.0.29519.87
MinimumVisualStudioVersion = 10.0.40219.1
Project("{9A19103F-16F7-4668-BE54-9A1E7A4F7556}") = "KampIntro", "KampIntro\KampIntro.csproj", "{63179B6E-B266-4DB1-B286-5FC114A6B3AB}"
EndProject
Project("{9A19103F-16F7-4668-BE54-9A1E7A4F7556}") = "Donguler", "Donguler\Donguler.csproj", "{712B6D0B-0604-487F-A20C-FFC8455F91B7}"
EndProject
Project("{9A19103F-16F7-4668-BE54-9A1E7A4F7556}") = "ClassIntro", "ClassIntro\ClassIntro.csproj", "{B29A7324-8529-47B4-BEAA-49E0FB89D05F}"
EndProject
Project("{FAE04EC0-301F-11D3-BF4B-00C04F79EFBC}") = "Methodlar", "Methodlar\Methodlar.csproj", "{9B9850FA-9EB3-4991-A607-3C06389D0D4A}"
EndProject
Project("{FAE04EC0-301F-11D3-BF4B-00C04F79EFBC}") = "Matematik", "Matematik\Matematik.csproj", "{0BA0DD3E-975B-4EF5-B54D-EB7DB33976E2}"
EndProject
Project("{FAE04EC0-301F-11D3-BF4B-00C04F79EFBC}") = "DegerVeReferansTipler", "DegerVeReferansTipler\DegerVeReferansTipler.csproj", "{C0722D45-5217-41F7-A658-91E6E00AB9B9}"
EndProject
Global
	GlobalSection(SolutionConfigurationPlatforms) = preSolution
		Debug|Any CPU = Debug|Any CPU
		Release|Any CPU = Release|Any CPU
	EndGlobalSection
	GlobalSection(ProjectConfigurationPlatforms) = postSolution
		{63179B6E-B266-4DB1-B286-5FC114A6B3AB}.Debug|Any CPU.ActiveCfg = Debug|Any CPU
		{63179B6E-B266-4DB1-B286-5FC114A6B3AB}.Debug|Any CPU.Build.0 = Debug|Any CPU
		{63179B6E-B266-4DB1-B286-5FC114A6B3AB}.Release|Any CPU.ActiveCfg = Release|Any CPU
		{63179B6E-B266-4DB1-B286-5FC114A6B3AB}.Release|Any CPU.Build.0 = Release|Any CPU
		{712B6D0B-0604-487F-A20C-FFC8455F91B7}.Debug|Any CPU.ActiveCfg = Debug|Any CPU
		{712B6D0B-0604-487F-A20C-FFC8455F91B7}.Debug|Any CPU.Build.0 = Debug|Any CPU
		{712B6D0B-0604-487F-A20C-FFC8455F91B7}.Release|Any CPU.ActiveCfg = Release|Any CPU
		{712B6D0B-0604-487F-A20C-FFC8455F91B7}.Release|Any CPU.Build.0 = Release|Any CPU
		{B29A7324-8529-47B4-BEAA-49E0FB89D05F}.Debug|Any CPU.ActiveCfg = Debug|Any CPU
		{B29A7324-8529-47B4-BEAA-49E0FB89D05F}.Debug|Any CPU.Build.0 = Debug|Any CPU
		{B29A7324-8529-47B4-BEAA-49E0FB89D05F}.Release|Any CPU.ActiveCfg = Release|Any CPU
		{B29A7324-8529-47B4-BEAA-49E0FB89D05F}.Release|Any CPU.Build.0 = Release|Any CPU
		{9B9850FA-9EB3-4991-A607-3C06389D0D4A}.Debug|Any CPU.ActiveCfg = Debug|Any CPU
		{9B9850FA-9EB3-4991-A607-3C06389D0D4A}.Debug|Any CPU.Build.0 = Debug|Any CPU
		{9B9850FA-9EB3-4991-A607-3C06389D0D4A}.Release|Any CPU.ActiveCfg = Release|Any CPU
		{9B9850FA-9EB3-4991-A607-3C06389D0D4A}.Release|Any CPU.Build.0 = Release|Any CPU
		{0BA0DD3E-975B-4EF5-B54D-EB7DB33976E2}.Debug|Any CPU.ActiveCfg = Debug|Any CPU
		{0BA0DD3E-975B-4EF5-B54D-EB7DB33976E2}.Debug|Any CPU.Build.0 = Debug|Any CPU
		{0BA0DD3E-975B-4EF5-B54D-EB7DB33976E2}.Release|Any CPU.ActiveCfg = Release|Any CPU
		{0BA0DD3E-975B-4EF5-B54D-EB7DB33976E2}.Release|Any CPU.Build.0 = Release|Any CPU
		{C0722D45-5217-41F7-A658-91E6E00AB9B9}.Debug|Any CPU.ActiveCfg = Debug|Any CPU
		{C0722D45-5217-41F7-A658-91E6E00AB9B9}.Debug|Any CPU.Build.0 = Debug|Any CPU
		{C0722D45-5217-41F7-A658-91E6E00AB9B9}.Release|Any CPU.ActiveCfg = Release|Any CPU
		{C0722D45-5217-41F7-A658-91E6E00AB9B9}.Release|Any CPU.Build.0 = Release|Any CPU
	EndGlobalSection
	GlobalSection(SolutionProperties) = preSolution
		HideSolutionNode = FALSE
	EndGlobalSection
	GlobalSection(ExtensibilityGlobals) = postSolution
		SolutionGuid = {96142D71-DC80-4493-8657-B75DB3CBCFDA}
	EndGlobalSection
EndGlobal
